
Microsoft Visual Studio Solution File, Format Version 12.00
# Visual Studio 15
VisualStudioVersion = 15.0.26430.12
MinimumVisualStudioVersion = 10.0.40219.1
Project("{FAE04EC0-301F-11D3-BF4B-00C04F79EFBC}") = "Kung_Fu_Tracker.Android", "Kung Fu Tracker\Kung_Fu_Tracker.Android\Kung_Fu_Tracker.Android.csproj", "{B8F02155-35CD-43C1-9F04-4C52681F95B2}"
EndProject
Project("{FAE04EC0-301F-11D3-BF4B-00C04F79EFBC}") = "Kung_Fu_Tracker", "Kung Fu Tracker\Kung_Fu_Tracker\Kung_Fu_Tracker.csproj", "{0C790CC0-0D57-42A7-8F8D-59F6966059B1}"
EndProject
Project("{FAE04EC0-301F-11D3-BF4B-00C04F79EFBC}") = "Kung_Fu_Tracker.UWP", "Kung Fu Tracker\Kung_Fu_Tracker.UWP\Kung_Fu_Tracker.UWP.csproj", "{63503E7B-1479-40B7-8C47-8948E51F6D4D}"
EndProject
Project("{FAE04EC0-301F-11D3-BF4B-00C04F79EFBC}") = "Kung_Fu_Tracker.iOS", "Kung Fu Tracker\Kung_Fu_Tracker.iOS\Kung_Fu_Tracker.iOS.csproj", "{D5CFF31A-5D46-494D-BF50-F6158C33A384}"
EndProject
Project("{FAE04EC0-301F-11D3-BF4B-00C04F79EFBC}") = "WebServices", "WebServices\WebServices.csproj", "{93CB5C0A-EFF6-4D22-9CF3-98794BD819D1}"
EndProject
Global
	GlobalSection(SolutionConfigurationPlatforms) = preSolution
		Ad-Hoc|Any CPU = Ad-Hoc|Any CPU
		Ad-Hoc|ARM = Ad-Hoc|ARM
		Ad-Hoc|iPhone = Ad-Hoc|iPhone
		Ad-Hoc|iPhoneSimulator = Ad-Hoc|iPhoneSimulator
		Ad-Hoc|x64 = Ad-Hoc|x64
		Ad-Hoc|x86 = Ad-Hoc|x86
		AppStore|Any CPU = AppStore|Any CPU
		AppStore|ARM = AppStore|ARM
		AppStore|iPhone = AppStore|iPhone
		AppStore|iPhoneSimulator = AppStore|iPhoneSimulator
		AppStore|x64 = AppStore|x64
		AppStore|x86 = AppStore|x86
		Debug|Any CPU = Debug|Any CPU
		Debug|ARM = Debug|ARM
		Debug|iPhone = Debug|iPhone
		Debug|iPhoneSimulator = Debug|iPhoneSimulator
		Debug|x64 = Debug|x64
		Debug|x86 = Debug|x86
		Release|Any CPU = Release|Any CPU
		Release|ARM = Release|ARM
		Release|iPhone = Release|iPhone
		Release|iPhoneSimulator = Release|iPhoneSimulator
		Release|x64 = Release|x64
		Release|x86 = Release|x86
	EndGlobalSection
	GlobalSection(ProjectConfigurationPlatforms) = postSolution
		{B8F02155-35CD-43C1-9F04-4C52681F95B2}.Ad-Hoc|Any CPU.ActiveCfg = Release|Any CPU
		{B8F02155-35CD-43C1-9F04-4C52681F95B2}.Ad-Hoc|Any CPU.Build.0 = Release|Any CPU
		{B8F02155-35CD-43C1-9F04-4C52681F95B2}.Ad-Hoc|Any CPU.Deploy.0 = Release|Any CPU
		{B8F02155-35CD-43C1-9F04-4C52681F95B2}.Ad-Hoc|ARM.ActiveCfg = Release|Any CPU
		{B8F02155-35CD-43C1-9F04-4C52681F95B2}.Ad-Hoc|ARM.Build.0 = Release|Any CPU
		{B8F02155-35CD-43C1-9F04-4C52681F95B2}.Ad-Hoc|ARM.Deploy.0 = Release|Any CPU
		{B8F02155-35CD-43C1-9F04-4C52681F95B2}.Ad-Hoc|iPhone.ActiveCfg = Release|Any CPU
		{B8F02155-35CD-43C1-9F04-4C52681F95B2}.Ad-Hoc|iPhone.Build.0 = Release|Any CPU
		{B8F02155-35CD-43C1-9F04-4C52681F95B2}.Ad-Hoc|iPhone.Deploy.0 = Release|Any CPU
		{B8F02155-35CD-43C1-9F04-4C52681F95B2}.Ad-Hoc|iPhoneSimulator.ActiveCfg = Release|Any CPU
		{B8F02155-35CD-43C1-9F04-4C52681F95B2}.Ad-Hoc|iPhoneSimulator.Build.0 = Release|Any CPU
		{B8F02155-35CD-43C1-9F04-4C52681F95B2}.Ad-Hoc|iPhoneSimulator.Deploy.0 = Release|Any CPU
		{B8F02155-35CD-43C1-9F04-4C52681F95B2}.Ad-Hoc|x64.ActiveCfg = Release|Any CPU
		{B8F02155-35CD-43C1-9F04-4C52681F95B2}.Ad-Hoc|x64.Build.0 = Release|Any CPU
		{B8F02155-35CD-43C1-9F04-4C52681F95B2}.Ad-Hoc|x64.Deploy.0 = Release|Any CPU
		{B8F02155-35CD-43C1-9F04-4C52681F95B2}.Ad-Hoc|x86.ActiveCfg = Release|Any CPU
		{B8F02155-35CD-43C1-9F04-4C52681F95B2}.Ad-Hoc|x86.Build.0 = Release|Any CPU
		{B8F02155-35CD-43C1-9F04-4C52681F95B2}.Ad-Hoc|x86.Deploy.0 = Release|Any CPU
		{B8F02155-35CD-43C1-9F04-4C52681F95B2}.AppStore|Any CPU.ActiveCfg = Release|Any CPU
		{B8F02155-35CD-43C1-9F04-4C52681F95B2}.AppStore|Any CPU.Build.0 = Release|Any CPU
		{B8F02155-35CD-43C1-9F04-4C52681F95B2}.AppStore|Any CPU.Deploy.0 = Release|Any CPU
		{B8F02155-35CD-43C1-9F04-4C52681F95B2}.AppStore|ARM.ActiveCfg = Release|Any CPU
		{B8F02155-35CD-43C1-9F04-4C52681F95B2}.AppStore|ARM.Build.0 = Release|Any CPU
		{B8F02155-35CD-43C1-9F04-4C52681F95B2}.AppStore|ARM.Deploy.0 = Release|Any CPU
		{B8F02155-35CD-43C1-9F04-4C52681F95B2}.AppStore|iPhone.ActiveCfg = Release|Any CPU
		{B8F02155-35CD-43C1-9F04-4C52681F95B2}.AppStore|iPhone.Build.0 = Release|Any CPU
		{B8F02155-35CD-43C1-9F04-4C52681F95B2}.AppStore|iPhone.Deploy.0 = Release|Any CPU
		{B8F02155-35CD-43C1-9F04-4C52681F95B2}.AppStore|iPhoneSimulator.ActiveCfg = Release|Any CPU
		{B8F02155-35CD-43C1-9F04-4C52681F95B2}.AppStore|iPhoneSimulator.Build.0 = Release|Any CPU
		{B8F02155-35CD-43C1-9F04-4C52681F95B2}.AppStore|iPhoneSimulator.Deploy.0 = Release|Any CPU
		{B8F02155-35CD-43C1-9F04-4C52681F95B2}.AppStore|x64.ActiveCfg = Release|Any CPU
		{B8F02155-35CD-43C1-9F04-4C52681F95B2}.AppStore|x64.Build.0 = Release|Any CPU
		{B8F02155-35CD-43C1-9F04-4C52681F95B2}.AppStore|x64.Deploy.0 = Release|Any CPU
		{B8F02155-35CD-43C1-9F04-4C52681F95B2}.AppStore|x86.ActiveCfg = Release|Any CPU
		{B8F02155-35CD-43C1-9F04-4C52681F95B2}.AppStore|x86.Build.0 = Release|Any CPU
		{B8F02155-35CD-43C1-9F04-4C52681F95B2}.AppStore|x86.Deploy.0 = Release|Any CPU
		{B8F02155-35CD-43C1-9F04-4C52681F95B2}.Debug|Any CPU.ActiveCfg = Debug|Any CPU
		{B8F02155-35CD-43C1-9F04-4C52681F95B2}.Debug|Any CPU.Build.0 = Debug|Any CPU
		{B8F02155-35CD-43C1-9F04-4C52681F95B2}.Debug|Any CPU.Deploy.0 = Debug|Any CPU
		{B8F02155-35CD-43C1-9F04-4C52681F95B2}.Debug|ARM.ActiveCfg = Debug|Any CPU
		{B8F02155-35CD-43C1-9F04-4C52681F95B2}.Debug|ARM.Build.0 = Debug|Any CPU
		{B8F02155-35CD-43C1-9F04-4C52681F95B2}.Debug|ARM.Deploy.0 = Debug|Any CPU
		{B8F02155-35CD-43C1-9F04-4C52681F95B2}.Debug|iPhone.ActiveCfg = Debug|Any CPU
		{B8F02155-35CD-43C1-9F04-4C52681F95B2}.Debug|iPhone.Build.0 = Debug|Any CPU
		{B8F02155-35CD-43C1-9F04-4C52681F95B2}.Debug|iPhone.Deploy.0 = Debug|Any CPU
		{B8F02155-35CD-43C1-9F04-4C52681F95B2}.Debug|iPhoneSimulator.ActiveCfg = Debug|Any CPU
		{B8F02155-35CD-43C1-9F04-4C52681F95B2}.Debug|iPhoneSimulator.Build.0 = Debug|Any CPU
		{B8F02155-35CD-43C1-9F04-4C52681F95B2}.Debug|iPhoneSimulator.Deploy.0 = Debug|Any CPU
		{B8F02155-35CD-43C1-9F04-4C52681F95B2}.Debug|x64.ActiveCfg = Debug|Any CPU
		{B8F02155-35CD-43C1-9F04-4C52681F95B2}.Debug|x64.Build.0 = Debug|Any CPU
		{B8F02155-35CD-43C1-9F04-4C52681F95B2}.Debug|x64.Deploy.0 = Debug|Any CPU
		{B8F02155-35CD-43C1-9F04-4C52681F95B2}.Debug|x86.ActiveCfg = Debug|Any CPU
		{B8F02155-35CD-43C1-9F04-4C52681F95B2}.Debug|x86.Build.0 = Debug|Any CPU
		{B8F02155-35CD-43C1-9F04-4C52681F95B2}.Debug|x86.Deploy.0 = Debug|Any CPU
		{B8F02155-35CD-43C1-9F04-4C52681F95B2}.Release|Any CPU.ActiveCfg = Release|Any CPU
		{B8F02155-35CD-43C1-9F04-4C52681F95B2}.Release|Any CPU.Build.0 = Release|Any CPU
		{B8F02155-35CD-43C1-9F04-4C52681F95B2}.Release|Any CPU.Deploy.0 = Release|Any CPU
		{B8F02155-35CD-43C1-9F04-4C52681F95B2}.Release|ARM.ActiveCfg = Release|Any CPU
		{B8F02155-35CD-43C1-9F04-4C52681F95B2}.Release|ARM.Build.0 = Release|Any CPU
		{B8F02155-35CD-43C1-9F04-4C52681F95B2}.Release|ARM.Deploy.0 = Release|Any CPU
		{B8F02155-35CD-43C1-9F04-4C52681F95B2}.Release|iPhone.ActiveCfg = Release|Any CPU
		{B8F02155-35CD-43C1-9F04-4C52681F95B2}.Release|iPhone.Build.0 = Release|Any CPU
		{B8F02155-35CD-43C1-9F04-4C52681F95B2}.Release|iPhone.Deploy.0 = Release|Any CPU
		{B8F02155-35CD-43C1-9F04-4C52681F95B2}.Release|iPhoneSimulator.ActiveCfg = Release|Any CPU
		{B8F02155-35CD-43C1-9F04-4C52681F95B2}.Release|iPhoneSimulator.Build.0 = Release|Any CPU
		{B8F02155-35CD-43C1-9F04-4C52681F95B2}.Release|iPhoneSimulator.Deploy.0 = Release|Any CPU
		{B8F02155-35CD-43C1-9F04-4C52681F95B2}.Release|x64.ActiveCfg = Release|Any CPU
		{B8F02155-35CD-43C1-9F04-4C52681F95B2}.Release|x64.Build.0 = Release|Any CPU
		{B8F02155-35CD-43C1-9F04-4C52681F95B2}.Release|x64.Deploy.0 = Release|Any CPU
		{B8F02155-35CD-43C1-9F04-4C52681F95B2}.Release|x86.ActiveCfg = Release|Any CPU
		{B8F02155-35CD-43C1-9F04-4C52681F95B2}.Release|x86.Build.0 = Release|Any CPU
		{B8F02155-35CD-43C1-9F04-4C52681F95B2}.Release|x86.Deploy.0 = Release|Any CPU
		{0C790CC0-0D57-42A7-8F8D-59F6966059B1}.Ad-Hoc|Any CPU.ActiveCfg = Release|Any CPU
		{0C790CC0-0D57-42A7-8F8D-59F6966059B1}.Ad-Hoc|Any CPU.Build.0 = Release|Any CPU
		{0C790CC0-0D57-42A7-8F8D-59F6966059B1}.Ad-Hoc|ARM.ActiveCfg = Release|Any CPU
		{0C790CC0-0D57-42A7-8F8D-59F6966059B1}.Ad-Hoc|ARM.Build.0 = Release|Any CPU
		{0C790CC0-0D57-42A7-8F8D-59F6966059B1}.Ad-Hoc|iPhone.ActiveCfg = Release|Any CPU
		{0C790CC0-0D57-42A7-8F8D-59F6966059B1}.Ad-Hoc|iPhone.Build.0 = Release|Any CPU
		{0C790CC0-0D57-42A7-8F8D-59F6966059B1}.Ad-Hoc|iPhoneSimulator.ActiveCfg = Release|Any CPU
		{0C790CC0-0D57-42A7-8F8D-59F6966059B1}.Ad-Hoc|iPhoneSimulator.Build.0 = Release|Any CPU
		{0C790CC0-0D57-42A7-8F8D-59F6966059B1}.Ad-Hoc|x64.ActiveCfg = Release|Any CPU
		{0C790CC0-0D57-42A7-8F8D-59F6966059B1}.Ad-Hoc|x64.Build.0 = Release|Any CPU
		{0C790CC0-0D57-42A7-8F8D-59F6966059B1}.Ad-Hoc|x86.ActiveCfg = Release|Any CPU
		{0C790CC0-0D57-42A7-8F8D-59F6966059B1}.Ad-Hoc|x86.Build.0 = Release|Any CPU
		{0C790CC0-0D57-42A7-8F8D-59F6966059B1}.AppStore|Any CPU.ActiveCfg = Release|Any CPU
		{0C790CC0-0D57-42A7-8F8D-59F6966059B1}.AppStore|Any CPU.Build.0 = Release|Any CPU
		{0C790CC0-0D57-42A7-8F8D-59F6966059B1}.AppStore|ARM.ActiveCfg = Release|Any CPU
		{0C790CC0-0D57-42A7-8F8D-59F6966059B1}.AppStore|ARM.Build.0 = Release|Any CPU
		{0C790CC0-0D57-42A7-8F8D-59F6966059B1}.AppStore|iPhone.ActiveCfg = Release|Any CPU
		{0C790CC0-0D57-42A7-8F8D-59F6966059B1}.AppStore|iPhone.Build.0 = Release|Any CPU
		{0C790CC0-0D57-42A7-8F8D-59F6966059B1}.AppStore|iPhoneSimulator.ActiveCfg = Release|Any CPU
		{0C790CC0-0D57-42A7-8F8D-59F6966059B1}.AppStore|iPhoneSimulator.Build.0 = Release|Any CPU
		{0C790CC0-0D57-42A7-8F8D-59F6966059B1}.AppStore|x64.ActiveCfg = Release|Any CPU
		{0C790CC0-0D57-42A7-8F8D-59F6966059B1}.AppStore|x64.Build.0 = Release|Any CPU
		{0C790CC0-0D57-42A7-8F8D-59F6966059B1}.AppStore|x86.ActiveCfg = Release|Any CPU
		{0C790CC0-0D57-42A7-8F8D-59F6966059B1}.AppStore|x86.Build.0 = Release|Any CPU
		{0C790CC0-0D57-42A7-8F8D-59F6966059B1}.Debug|Any CPU.ActiveCfg = Debug|Any CPU
		{0C790CC0-0D57-42A7-8F8D-59F6966059B1}.Debug|Any CPU.Build.0 = Debug|Any CPU
		{0C790CC0-0D57-42A7-8F8D-59F6966059B1}.Debug|ARM.ActiveCfg = Debug|Any CPU
		{0C790CC0-0D57-42A7-8F8D-59F6966059B1}.Debug|ARM.Build.0 = Debug|Any CPU
		{0C790CC0-0D57-42A7-8F8D-59F6966059B1}.Debug|iPhone.ActiveCfg = Debug|Any CPU
		{0C790CC0-0D57-42A7-8F8D-59F6966059B1}.Debug|iPhone.Build.0 = Debug|Any CPU
		{0C790CC0-0D57-42A7-8F8D-59F6966059B1}.Debug|iPhoneSimulator.ActiveCfg = Debug|Any CPU
		{0C790CC0-0D57-42A7-8F8D-59F6966059B1}.Debug|iPhoneSimulator.Build.0 = Debug|Any CPU
		{0C790CC0-0D57-42A7-8F8D-59F6966059B1}.Debug|x64.ActiveCfg = Debug|Any CPU
		{0C790CC0-0D57-42A7-8F8D-59F6966059B1}.Debug|x64.Build.0 = Debug|Any CPU
		{0C790CC0-0D57-42A7-8F8D-59F6966059B1}.Debug|x86.ActiveCfg = Debug|Any CPU
		{0C790CC0-0D57-42A7-8F8D-59F6966059B1}.Debug|x86.Build.0 = Debug|Any CPU
		{0C790CC0-0D57-42A7-8F8D-59F6966059B1}.Release|Any CPU.ActiveCfg = Release|Any CPU
		{0C790CC0-0D57-42A7-8F8D-59F6966059B1}.Release|Any CPU.Build.0 = Release|Any CPU
		{0C790CC0-0D57-42A7-8F8D-59F6966059B1}.Release|ARM.ActiveCfg = Release|Any CPU
		{0C790CC0-0D57-42A7-8F8D-59F6966059B1}.Release|ARM.Build.0 = Release|Any CPU
		{0C790CC0-0D57-42A7-8F8D-59F6966059B1}.Release|iPhone.ActiveCfg = Release|Any CPU
		{0C790CC0-0D57-42A7-8F8D-59F6966059B1}.Release|iPhone.Build.0 = Release|Any CPU
		{0C790CC0-0D57-42A7-8F8D-59F6966059B1}.Release|iPhoneSimulator.ActiveCfg = Release|Any CPU
		{0C790CC0-0D57-42A7-8F8D-59F6966059B1}.Release|iPhoneSimulator.Build.0 = Release|Any CPU
		{0C790CC0-0D57-42A7-8F8D-59F6966059B1}.Release|x64.ActiveCfg = Release|Any CPU
		{0C790CC0-0D57-42A7-8F8D-59F6966059B1}.Release|x64.Build.0 = Release|Any CPU
		{0C790CC0-0D57-42A7-8F8D-59F6966059B1}.Release|x86.ActiveCfg = Release|Any CPU
		{0C790CC0-0D57-42A7-8F8D-59F6966059B1}.Release|x86.Build.0 = Release|Any CPU
		{63503E7B-1479-40B7-8C47-8948E51F6D4D}.Ad-Hoc|Any CPU.ActiveCfg = Release|x86
		{63503E7B-1479-40B7-8C47-8948E51F6D4D}.Ad-Hoc|Any CPU.Build.0 = Release|x86
		{63503E7B-1479-40B7-8C47-8948E51F6D4D}.Ad-Hoc|Any CPU.Deploy.0 = Release|x86
		{63503E7B-1479-40B7-8C47-8948E51F6D4D}.Ad-Hoc|ARM.ActiveCfg = Release|ARM
		{63503E7B-1479-40B7-8C47-8948E51F6D4D}.Ad-Hoc|ARM.Build.0 = Release|ARM
		{63503E7B-1479-40B7-8C47-8948E51F6D4D}.Ad-Hoc|ARM.Deploy.0 = Release|ARM
		{63503E7B-1479-40B7-8C47-8948E51F6D4D}.Ad-Hoc|iPhone.ActiveCfg = Release|x86
		{63503E7B-1479-40B7-8C47-8948E51F6D4D}.Ad-Hoc|iPhone.Build.0 = Release|x86
		{63503E7B-1479-40B7-8C47-8948E51F6D4D}.Ad-Hoc|iPhone.Deploy.0 = Release|x86
		{63503E7B-1479-40B7-8C47-8948E51F6D4D}.Ad-Hoc|iPhoneSimulator.ActiveCfg = Release|x86
		{63503E7B-1479-40B7-8C47-8948E51F6D4D}.Ad-Hoc|iPhoneSimulator.Build.0 = Release|x86
		{63503E7B-1479-40B7-8C47-8948E51F6D4D}.Ad-Hoc|iPhoneSimulator.Deploy.0 = Release|x86
		{63503E7B-1479-40B7-8C47-8948E51F6D4D}.Ad-Hoc|x64.ActiveCfg = Release|x64
		{63503E7B-1479-40B7-8C47-8948E51F6D4D}.Ad-Hoc|x64.Build.0 = Release|x64
		{63503E7B-1479-40B7-8C47-8948E51F6D4D}.Ad-Hoc|x64.Deploy.0 = Release|x64
		{63503E7B-1479-40B7-8C47-8948E51F6D4D}.Ad-Hoc|x86.ActiveCfg = Release|x86
		{63503E7B-1479-40B7-8C47-8948E51F6D4D}.Ad-Hoc|x86.Build.0 = Release|x86
		{63503E7B-1479-40B7-8C47-8948E51F6D4D}.Ad-Hoc|x86.Deploy.0 = Release|x86
		{63503E7B-1479-40B7-8C47-8948E51F6D4D}.AppStore|Any CPU.ActiveCfg = Release|x86
		{63503E7B-1479-40B7-8C47-8948E51F6D4D}.AppStore|Any CPU.Build.0 = Release|x86
		{63503E7B-1479-40B7-8C47-8948E51F6D4D}.AppStore|Any CPU.Deploy.0 = Release|x86
		{63503E7B-1479-40B7-8C47-8948E51F6D4D}.AppStore|ARM.ActiveCfg = Release|ARM
		{63503E7B-1479-40B7-8C47-8948E51F6D4D}.AppStore|ARM.Build.0 = Release|ARM
		{63503E7B-1479-40B7-8C47-8948E51F6D4D}.AppStore|ARM.Deploy.0 = Release|ARM
		{63503E7B-1479-40B7-8C47-8948E51F6D4D}.AppStore|iPhone.ActiveCfg = Release|x86
		{63503E7B-1479-40B7-8C47-8948E51F6D4D}.AppStore|iPhone.Build.0 = Release|x86
		{63503E7B-1479-40B7-8C47-8948E51F6D4D}.AppStore|iPhone.Deploy.0 = Release|x86
		{63503E7B-1479-40B7-8C47-8948E51F6D4D}.AppStore|iPhoneSimulator.ActiveCfg = Release|x86
		{63503E7B-1479-40B7-8C47-8948E51F6D4D}.AppStore|iPhoneSimulator.Build.0 = Release|x86
		{63503E7B-1479-40B7-8C47-8948E51F6D4D}.AppStore|iPhoneSimulator.Deploy.0 = Release|x86
		{63503E7B-1479-40B7-8C47-8948E51F6D4D}.AppStore|x64.ActiveCfg = Release|x64
		{63503E7B-1479-40B7-8C47-8948E51F6D4D}.AppStore|x64.Build.0 = Release|x64
		{63503E7B-1479-40B7-8C47-8948E51F6D4D}.AppStore|x64.Deploy.0 = Release|x64
		{63503E7B-1479-40B7-8C47-8948E51F6D4D}.AppStore|x86.ActiveCfg = Release|x86
		{63503E7B-1479-40B7-8C47-8948E51F6D4D}.AppStore|x86.Build.0 = Release|x86
		{63503E7B-1479-40B7-8C47-8948E51F6D4D}.AppStore|x86.Deploy.0 = Release|x86
		{63503E7B-1479-40B7-8C47-8948E51F6D4D}.Debug|Any CPU.ActiveCfg = Debug|x86
		{63503E7B-1479-40B7-8C47-8948E51F6D4D}.Debug|ARM.ActiveCfg = Debug|ARM
		{63503E7B-1479-40B7-8C47-8948E51F6D4D}.Debug|ARM.Build.0 = Debug|ARM
		{63503E7B-1479-40B7-8C47-8948E51F6D4D}.Debug|ARM.Deploy.0 = Debug|ARM
		{63503E7B-1479-40B7-8C47-8948E51F6D4D}.Debug|iPhone.ActiveCfg = Debug|x86
		{63503E7B-1479-40B7-8C47-8948E51F6D4D}.Debug|iPhoneSimulator.ActiveCfg = Debug|x86
		{63503E7B-1479-40B7-8C47-8948E51F6D4D}.Debug|x64.ActiveCfg = Debug|x64
		{63503E7B-1479-40B7-8C47-8948E51F6D4D}.Debug|x64.Build.0 = Debug|x64
		{63503E7B-1479-40B7-8C47-8948E51F6D4D}.Debug|x64.Deploy.0 = Debug|x64
		{63503E7B-1479-40B7-8C47-8948E51F6D4D}.Debug|x86.ActiveCfg = Debug|x86
		{63503E7B-1479-40B7-8C47-8948E51F6D4D}.Debug|x86.Build.0 = Debug|x86
		{63503E7B-1479-40B7-8C47-8948E51F6D4D}.Debug|x86.Deploy.0 = Debug|x86
		{63503E7B-1479-40B7-8C47-8948E51F6D4D}.Release|Any CPU.ActiveCfg = Release|x86
		{63503E7B-1479-40B7-8C47-8948E51F6D4D}.Release|ARM.ActiveCfg = Release|ARM
		{63503E7B-1479-40B7-8C47-8948E51F6D4D}.Release|ARM.Build.0 = Release|ARM
		{63503E7B-1479-40B7-8C47-8948E51F6D4D}.Release|ARM.Deploy.0 = Release|ARM
		{63503E7B-1479-40B7-8C47-8948E51F6D4D}.Release|iPhone.ActiveCfg = Release|x86
		{63503E7B-1479-40B7-8C47-8948E51F6D4D}.Release|iPhoneSimulator.ActiveCfg = Release|x86
		{63503E7B-1479-40B7-8C47-8948E51F6D4D}.Release|x64.ActiveCfg = Release|x64
		{63503E7B-1479-40B7-8C47-8948E51F6D4D}.Release|x64.Build.0 = Release|x64
		{63503E7B-1479-40B7-8C47-8948E51F6D4D}.Release|x64.Deploy.0 = Release|x64
		{63503E7B-1479-40B7-8C47-8948E51F6D4D}.Release|x86.ActiveCfg = Release|x86
		{63503E7B-1479-40B7-8C47-8948E51F6D4D}.Release|x86.Build.0 = Release|x86
		{63503E7B-1479-40B7-8C47-8948E51F6D4D}.Release|x86.Deploy.0 = Release|x86
		{D5CFF31A-5D46-494D-BF50-F6158C33A384}.Ad-Hoc|Any CPU.ActiveCfg = Ad-Hoc|iPhone
		{D5CFF31A-5D46-494D-BF50-F6158C33A384}.Ad-Hoc|ARM.ActiveCfg = Ad-Hoc|iPhone
		{D5CFF31A-5D46-494D-BF50-F6158C33A384}.Ad-Hoc|iPhone.ActiveCfg = Ad-Hoc|iPhone
		{D5CFF31A-5D46-494D-BF50-F6158C33A384}.Ad-Hoc|iPhone.Build.0 = Ad-Hoc|iPhone
		{D5CFF31A-5D46-494D-BF50-F6158C33A384}.Ad-Hoc|iPhoneSimulator.ActiveCfg = Ad-Hoc|iPhoneSimulator
		{D5CFF31A-5D46-494D-BF50-F6158C33A384}.Ad-Hoc|iPhoneSimulator.Build.0 = Ad-Hoc|iPhoneSimulator
		{D5CFF31A-5D46-494D-BF50-F6158C33A384}.Ad-Hoc|x64.ActiveCfg = Ad-Hoc|iPhone
		{D5CFF31A-5D46-494D-BF50-F6158C33A384}.Ad-Hoc|x86.ActiveCfg = Ad-Hoc|iPhone
		{D5CFF31A-5D46-494D-BF50-F6158C33A384}.AppStore|Any CPU.ActiveCfg = AppStore|iPhone
		{D5CFF31A-5D46-494D-BF50-F6158C33A384}.AppStore|ARM.ActiveCfg = AppStore|iPhone
		{D5CFF31A-5D46-494D-BF50-F6158C33A384}.AppStore|iPhone.ActiveCfg = AppStore|iPhone
		{D5CFF31A-5D46-494D-BF50-F6158C33A384}.AppStore|iPhone.Build.0 = AppStore|iPhone
		{D5CFF31A-5D46-494D-BF50-F6158C33A384}.AppStore|iPhoneSimulator.ActiveCfg = AppStore|iPhoneSimulator
		{D5CFF31A-5D46-494D-BF50-F6158C33A384}.AppStore|iPhoneSimulator.Build.0 = AppStore|iPhoneSimulator
		{D5CFF31A-5D46-494D-BF50-F6158C33A384}.AppStore|x64.ActiveCfg = AppStore|iPhone
		{D5CFF31A-5D46-494D-BF50-F6158C33A384}.AppStore|x86.ActiveCfg = AppStore|iPhone
		{D5CFF31A-5D46-494D-BF50-F6158C33A384}.Debug|Any CPU.ActiveCfg = Debug|iPhone
		{D5CFF31A-5D46-494D-BF50-F6158C33A384}.Debug|ARM.ActiveCfg = Debug|iPhone
		{D5CFF31A-5D46-494D-BF50-F6158C33A384}.Debug|iPhone.ActiveCfg = Debug|iPhone
		{D5CFF31A-5D46-494D-BF50-F6158C33A384}.Debug|iPhone.Build.0 = Debug|iPhone
		{D5CFF31A-5D46-494D-BF50-F6158C33A384}.Debug|iPhoneSimulator.ActiveCfg = Debug|iPhoneSimulator
		{D5CFF31A-5D46-494D-BF50-F6158C33A384}.Debug|iPhoneSimulator.Build.0 = Debug|iPhoneSimulator
		{D5CFF31A-5D46-494D-BF50-F6158C33A384}.Debug|x64.ActiveCfg = Debug|iPhone
		{D5CFF31A-5D46-494D-BF50-F6158C33A384}.Debug|x86.ActiveCfg = Debug|iPhone
		{D5CFF31A-5D46-494D-BF50-F6158C33A384}.Release|Any CPU.ActiveCfg = Release|iPhone
		{D5CFF31A-5D46-494D-BF50-F6158C33A384}.Release|ARM.ActiveCfg = Release|iPhone
		{D5CFF31A-5D46-494D-BF50-F6158C33A384}.Release|iPhone.ActiveCfg = Release|iPhone
		{D5CFF31A-5D46-494D-BF50-F6158C33A384}.Release|iPhone.Build.0 = Release|iPhone
		{D5CFF31A-5D46-494D-BF50-F6158C33A384}.Release|iPhoneSimulator.ActiveCfg = Release|iPhoneSimulator
		{D5CFF31A-5D46-494D-BF50-F6158C33A384}.Release|iPhoneSimulator.Build.0 = Release|iPhoneSimulator
		{D5CFF31A-5D46-494D-BF50-F6158C33A384}.Release|x64.ActiveCfg = Release|iPhone
		{D5CFF31A-5D46-494D-BF50-F6158C33A384}.Release|x86.ActiveCfg = Release|iPhone
		{93CB5C0A-EFF6-4D22-9CF3-98794BD819D1}.Ad-Hoc|Any CPU.ActiveCfg = Release|Any CPU
		{93CB5C0A-EFF6-4D22-9CF3-98794BD819D1}.Ad-Hoc|Any CPU.Build.0 = Release|Any CPU
		{93CB5C0A-EFF6-4D22-9CF3-98794BD819D1}.Ad-Hoc|ARM.ActiveCfg = Release|Any CPU
		{93CB5C0A-EFF6-4D22-9CF3-98794BD819D1}.Ad-Hoc|ARM.Build.0 = Release|Any CPU
		{93CB5C0A-EFF6-4D22-9CF3-98794BD819D1}.Ad-Hoc|iPhone.ActiveCfg = Release|Any CPU
		{93CB5C0A-EFF6-4D22-9CF3-98794BD819D1}.Ad-Hoc|iPhone.Build.0 = Release|Any CPU
		{93CB5C0A-EFF6-4D22-9CF3-98794BD819D1}.Ad-Hoc|iPhoneSimulator.ActiveCfg = Release|Any CPU
		{93CB5C0A-EFF6-4D22-9CF3-98794BD819D1}.Ad-Hoc|iPhoneSimulator.Build.0 = Release|Any CPU
		{93CB5C0A-EFF6-4D22-9CF3-98794BD819D1}.Ad-Hoc|x64.ActiveCfg = Release|Any CPU
		{93CB5C0A-EFF6-4D22-9CF3-98794BD819D1}.Ad-Hoc|x64.Build.0 = Release|Any CPU
		{93CB5C0A-EFF6-4D22-9CF3-98794BD819D1}.Ad-Hoc|x86.ActiveCfg = Release|Any CPU
		{93CB5C0A-EFF6-4D22-9CF3-98794BD819D1}.Ad-Hoc|x86.Build.0 = Release|Any CPU
		{93CB5C0A-EFF6-4D22-9CF3-98794BD819D1}.AppStore|Any CPU.ActiveCfg = Release|Any CPU
		{93CB5C0A-EFF6-4D22-9CF3-98794BD819D1}.AppStore|Any CPU.Build.0 = Release|Any CPU
		{93CB5C0A-EFF6-4D22-9CF3-98794BD819D1}.AppStore|ARM.ActiveCfg = Release|Any CPU
		{93CB5C0A-EFF6-4D22-9CF3-98794BD819D1}.AppStore|ARM.Build.0 = Release|Any CPU
		{93CB5C0A-EFF6-4D22-9CF3-98794BD819D1}.AppStore|iPhone.ActiveCfg = Release|Any CPU
		{93CB5C0A-EFF6-4D22-9CF3-98794BD819D1}.AppStore|iPhone.Build.0 = Release|Any CPU
		{93CB5C0A-EFF6-4D22-9CF3-98794BD819D1}.AppStore|iPhoneSimulator.ActiveCfg = Release|Any CPU
		{93CB5C0A-EFF6-4D22-9CF3-98794BD819D1}.AppStore|iPhoneSimulator.Build.0 = Release|Any CPU
		{93CB5C0A-EFF6-4D22-9CF3-98794BD819D1}.AppStore|x64.ActiveCfg = Release|Any CPU
		{93CB5C0A-EFF6-4D22-9CF3-98794BD819D1}.AppStore|x64.Build.0 = Release|Any CPU
		{93CB5C0A-EFF6-4D22-9CF3-98794BD819D1}.AppStore|x86.ActiveCfg = Release|Any CPU
		{93CB5C0A-EFF6-4D22-9CF3-98794BD819D1}.AppStore|x86.Build.0 = Release|Any CPU
		{93CB5C0A-EFF6-4D22-9CF3-98794BD819D1}.Debug|Any CPU.ActiveCfg = Debug|Any CPU
		{93CB5C0A-EFF6-4D22-9CF3-98794BD819D1}.Debug|Any CPU.Build.0 = Debug|Any CPU
		{93CB5C0A-EFF6-4D22-9CF3-98794BD819D1}.Debug|ARM.ActiveCfg = Debug|Any CPU
		{93CB5C0A-EFF6-4D22-9CF3-98794BD819D1}.Debug|ARM.Build.0 = Debug|Any CPU
		{93CB5C0A-EFF6-4D22-9CF3-98794BD819D1}.Debug|iPhone.ActiveCfg = Debug|Any CPU
		{93CB5C0A-EFF6-4D22-9CF3-98794BD819D1}.Debug|iPhone.Build.0 = Debug|Any CPU
		{93CB5C0A-EFF6-4D22-9CF3-98794BD819D1}.Debug|iPhoneSimulator.ActiveCfg = Debug|Any CPU
		{93CB5C0A-EFF6-4D22-9CF3-98794BD819D1}.Debug|iPhoneSimulator.Build.0 = Debug|Any CPU
		{93CB5C0A-EFF6-4D22-9CF3-98794BD819D1}.Debug|x64.ActiveCfg = Debug|Any CPU
		{93CB5C0A-EFF6-4D22-9CF3-98794BD819D1}.Debug|x64.Build.0 = Debug|Any CPU
		{93CB5C0A-EFF6-4D22-9CF3-98794BD819D1}.Debug|x86.ActiveCfg = Debug|Any CPU
		{93CB5C0A-EFF6-4D22-9CF3-98794BD819D1}.Debug|x86.Build.0 = Debug|Any CPU
		{93CB5C0A-EFF6-4D22-9CF3-98794BD819D1}.Release|Any CPU.ActiveCfg = Release|Any CPU
		{93CB5C0A-EFF6-4D22-9CF3-98794BD819D1}.Release|Any CPU.Build.0 = Release|Any CPU
		{93CB5C0A-EFF6-4D22-9CF3-98794BD819D1}.Release|ARM.ActiveCfg = Release|Any CPU
		{93CB5C0A-EFF6-4D22-9CF3-98794BD819D1}.Release|ARM.Build.0 = Release|Any CPU
		{93CB5C0A-EFF6-4D22-9CF3-98794BD819D1}.Release|iPhone.ActiveCfg = Release|Any CPU
		{93CB5C0A-EFF6-4D22-9CF3-98794BD819D1}.Release|iPhone.Build.0 = Release|Any CPU
		{93CB5C0A-EFF6-4D22-9CF3-98794BD819D1}.Release|iPhoneSimulator.ActiveCfg = Release|Any CPU
		{93CB5C0A-EFF6-4D22-9CF3-98794BD819D1}.Release|iPhoneSimulator.Build.0 = Release|Any CPU
		{93CB5C0A-EFF6-4D22-9CF3-98794BD819D1}.Release|x64.ActiveCfg = Release|Any CPU
		{93CB5C0A-EFF6-4D22-9CF3-98794BD819D1}.Release|x64.Build.0 = Release|Any CPU
		{93CB5C0A-EFF6-4D22-9CF3-98794BD819D1}.Release|x86.ActiveCfg = Release|Any CPU
		{93CB5C0A-EFF6-4D22-9CF3-98794BD819D1}.Release|x86.Build.0 = Release|Any CPU
	EndGlobalSection
	GlobalSection(SolutionProperties) = preSolution
		HideSolutionNode = FALSE
	EndGlobalSection
	GlobalSection(ExtensibilityGlobals) = postSolution
		SolutionGuid = {FBC55B22-6BEA-445F-9C0B-3AB189C6D426}
	EndGlobalSection
EndGlobal
